// !$*UTF8*$!
{
	archiveVersion = 1;
	classes = {
	};
	objectVersion = 50;
	objects = {

/* Begin PBXBuildFile section */
		443A217F20B0887E006B6FC8 /* AppDelegate.swift in Sources */ = {isa = PBXBuildFile; fileRef = 443A217E20B0887E006B6FC8 /* AppDelegate.swift */; };
		443A218120B0887E006B6FC8 /* MainViewController.swift in Sources */ = {isa = PBXBuildFile; fileRef = 443A218020B0887E006B6FC8 /* MainViewController.swift */; };
		443A218420B0887E006B6FC8 /* Main.storyboard in Resources */ = {isa = PBXBuildFile; fileRef = 443A218220B0887E006B6FC8 /* Main.storyboard */; };
		443A218620B08880006B6FC8 /* Assets.xcassets in Resources */ = {isa = PBXBuildFile; fileRef = 443A218520B08880006B6FC8 /* Assets.xcassets */; };
		443A218920B08880006B6FC8 /* LaunchScreen.storyboard in Resources */ = {isa = PBXBuildFile; fileRef = 443A218720B08880006B6FC8 /* LaunchScreen.storyboard */; };
		443A219420B08880006B6FC8 /* JustEatTestTests.swift in Sources */ = {isa = PBXBuildFile; fileRef = 443A219320B08880006B6FC8 /* JustEatTestTests.swift */; };
		443A21AA20B09016006B6FC8 /* WebRequest.swift in Sources */ = {isa = PBXBuildFile; fileRef = 443A21A220B09016006B6FC8 /* WebRequest.swift */; };
		443A21AB20B09016006B6FC8 /* WebResult.swift in Sources */ = {isa = PBXBuildFile; fileRef = 443A21A320B09016006B6FC8 /* WebResult.swift */; };
		443A21AC20B09016006B6FC8 /* WebError.swift in Sources */ = {isa = PBXBuildFile; fileRef = 443A21A420B09016006B6FC8 /* WebError.swift */; };
		443A21AD20B09016006B6FC8 /* WebTask.swift in Sources */ = {isa = PBXBuildFile; fileRef = 443A21A520B09016006B6FC8 /* WebTask.swift */; };
		443A21AE20B09016006B6FC8 /* HTTPMethod.swift in Sources */ = {isa = PBXBuildFile; fileRef = 443A21A620B09016006B6FC8 /* HTTPMethod.swift */; };
		443A21AF20B09016006B6FC8 /* WebResource.swift in Sources */ = {isa = PBXBuildFile; fileRef = 443A21A720B09016006B6FC8 /* WebResource.swift */; };
		443A21B020B09016006B6FC8 /* WebRequestManager.swift in Sources */ = {isa = PBXBuildFile; fileRef = 443A21A820B09016006B6FC8 /* WebRequestManager.swift */; };
		443A21B120B09016006B6FC8 /* WebRequestBuilder.swift in Sources */ = {isa = PBXBuildFile; fileRef = 443A21A920B09016006B6FC8 /* WebRequestBuilder.swift */; };
		44A6DD3920B4A80000B2168C /* OutcodeInputViewController.swift in Sources */ = {isa = PBXBuildFile; fileRef = 44A6DD3720B4A80000B2168C /* OutcodeInputViewController.swift */; };
		44A6DD3A20B4A80000B2168C /* OutcodeInputViewController.xib in Resources */ = {isa = PBXBuildFile; fileRef = 44A6DD3820B4A80000B2168C /* OutcodeInputViewController.xib */; };
		44A6DD3D20B4B16500B2168C /* DefaultTestParameters.swift in Sources */ = {isa = PBXBuildFile; fileRef = 44A6DD3C20B4B16500B2168C /* DefaultTestParameters.swift */; };
/* End PBXBuildFile section */

/* Begin PBXContainerItemProxy section */
		443A219020B08880006B6FC8 /* PBXContainerItemProxy */ = {
			isa = PBXContainerItemProxy;
			containerPortal = 443A217320B0887E006B6FC8 /* Project object */;
			proxyType = 1;
			remoteGlobalIDString = 443A217A20B0887E006B6FC8;
			remoteInfo = JustEatTest;
		};
/* End PBXContainerItemProxy section */

/* Begin PBXFileReference section */
		443A217B20B0887E006B6FC8 /* JustEatTest.app */ = {isa = PBXFileReference; explicitFileType = wrapper.application; includeInIndex = 0; path = JustEatTest.app; sourceTree = BUILT_PRODUCTS_DIR; };
		443A217E20B0887E006B6FC8 /* AppDelegate.swift */ = {isa = PBXFileReference; lastKnownFileType = sourcecode.swift; path = AppDelegate.swift; sourceTree = "<group>"; };
		443A218020B0887E006B6FC8 /* MainViewController.swift */ = {isa = PBXFileReference; lastKnownFileType = sourcecode.swift; path = MainViewController.swift; sourceTree = "<group>"; };
		443A218320B0887E006B6FC8 /* Base */ = {isa = PBXFileReference; lastKnownFileType = file.storyboard; name = Base; path = Base.lproj/Main.storyboard; sourceTree = "<group>"; };
		443A218520B08880006B6FC8 /* Assets.xcassets */ = {isa = PBXFileReference; lastKnownFileType = folder.assetcatalog; path = Assets.xcassets; sourceTree = "<group>"; };
		443A218820B08880006B6FC8 /* Base */ = {isa = PBXFileReference; lastKnownFileType = file.storyboard; name = Base; path = Base.lproj/LaunchScreen.storyboard; sourceTree = "<group>"; };
		443A218A20B08880006B6FC8 /* Info.plist */ = {isa = PBXFileReference; lastKnownFileType = text.plist.xml; path = Info.plist; sourceTree = "<group>"; };
		443A218F20B08880006B6FC8 /* JustEatTestTests.xctest */ = {isa = PBXFileReference; explicitFileType = wrapper.cfbundle; includeInIndex = 0; path = JustEatTestTests.xctest; sourceTree = BUILT_PRODUCTS_DIR; };
		443A219320B08880006B6FC8 /* JustEatTestTests.swift */ = {isa = PBXFileReference; lastKnownFileType = sourcecode.swift; path = JustEatTestTests.swift; sourceTree = "<group>"; };
		443A219520B08880006B6FC8 /* Info.plist */ = {isa = PBXFileReference; lastKnownFileType = text.plist.xml; path = Info.plist; sourceTree = "<group>"; };
		443A21A220B09016006B6FC8 /* WebRequest.swift */ = {isa = PBXFileReference; fileEncoding = 4; lastKnownFileType = sourcecode.swift; path = WebRequest.swift; sourceTree = "<group>"; };
		443A21A320B09016006B6FC8 /* WebResult.swift */ = {isa = PBXFileReference; fileEncoding = 4; lastKnownFileType = sourcecode.swift; path = WebResult.swift; sourceTree = "<group>"; };
		443A21A420B09016006B6FC8 /* WebError.swift */ = {isa = PBXFileReference; fileEncoding = 4; lastKnownFileType = sourcecode.swift; path = WebError.swift; sourceTree = "<group>"; };
		443A21A520B09016006B6FC8 /* WebTask.swift */ = {isa = PBXFileReference; fileEncoding = 4; lastKnownFileType = sourcecode.swift; path = WebTask.swift; sourceTree = "<group>"; };
		443A21A620B09016006B6FC8 /* HTTPMethod.swift */ = {isa = PBXFileReference; fileEncoding = 4; lastKnownFileType = sourcecode.swift; path = HTTPMethod.swift; sourceTree = "<group>"; };
		443A21A720B09016006B6FC8 /* WebResource.swift */ = {isa = PBXFileReference; fileEncoding = 4; lastKnownFileType = sourcecode.swift; path = WebResource.swift; sourceTree = "<group>"; };
		443A21A820B09016006B6FC8 /* WebRequestManager.swift */ = {isa = PBXFileReference; fileEncoding = 4; lastKnownFileType = sourcecode.swift; path = WebRequestManager.swift; sourceTree = "<group>"; };
		443A21A920B09016006B6FC8 /* WebRequestBuilder.swift */ = {isa = PBXFileReference; fileEncoding = 4; lastKnownFileType = sourcecode.swift; path = WebRequestBuilder.swift; sourceTree = "<group>"; };
		44A6DD3720B4A80000B2168C /* OutcodeInputViewController.swift */ = {isa = PBXFileReference; lastKnownFileType = sourcecode.swift; path = OutcodeInputViewController.swift; sourceTree = "<group>"; };
		44A6DD3820B4A80000B2168C /* OutcodeInputViewController.xib */ = {isa = PBXFileReference; lastKnownFileType = file.xib; path = OutcodeInputViewController.xib; sourceTree = "<group>"; };
		44A6DD3C20B4B16500B2168C /* DefaultTestParameters.swift */ = {isa = PBXFileReference; fileEncoding = 4; lastKnownFileType = sourcecode.swift; path = DefaultTestParameters.swift; sourceTree = "<group>"; };
/* End PBXFileReference section */

/* Begin PBXFrameworksBuildPhase section */
		443A217820B0887E006B6FC8 /* Frameworks */ = {
			isa = PBXFrameworksBuildPhase;
			buildActionMask = 2147483647;
			files = (
			);
			runOnlyForDeploymentPostprocessing = 0;
		};
		443A218C20B08880006B6FC8 /* Frameworks */ = {
			isa = PBXFrameworksBuildPhase;
			buildActionMask = 2147483647;
			files = (
			);
			runOnlyForDeploymentPostprocessing = 0;
		};
/* End PBXFrameworksBuildPhase section */

/* Begin PBXGroup section */
		443A217220B0887E006B6FC8 = {
			isa = PBXGroup;
			children = (
				443A217D20B0887E006B6FC8 /* JustEatTest */,
				443A219220B08880006B6FC8 /* JustEatTestTests */,
				443A217C20B0887E006B6FC8 /* Products */,
			);
			sourceTree = "<group>";
		};
		443A217C20B0887E006B6FC8 /* Products */ = {
			isa = PBXGroup;
			children = (
				443A217B20B0887E006B6FC8 /* JustEatTest.app */,
				443A218F20B08880006B6FC8 /* JustEatTestTests.xctest */,
			);
			name = Products;
			sourceTree = "<group>";
		};
		443A217D20B0887E006B6FC8 /* JustEatTest */ = {
			isa = PBXGroup;
			children = (
				44A6DD3B20B4B16500B2168C /* Data Models */,
				443A21A120B09016006B6FC8 /* Networking */,
				443A219E20B08FDF006B6FC8 /* ViewControllers */,
				443A217E20B0887E006B6FC8 /* AppDelegate.swift */,
				443A218220B0887E006B6FC8 /* Main.storyboard */,
				443A218520B08880006B6FC8 /* Assets.xcassets */,
				443A218720B08880006B6FC8 /* LaunchScreen.storyboard */,
				443A218A20B08880006B6FC8 /* Info.plist */,
			);
			path = JustEatTest;
			sourceTree = "<group>";
		};
		443A219220B08880006B6FC8 /* JustEatTestTests */ = {
			isa = PBXGroup;
			children = (
				443A219320B08880006B6FC8 /* JustEatTestTests.swift */,
				443A219520B08880006B6FC8 /* Info.plist */,
			);
			path = JustEatTestTests;
			sourceTree = "<group>";
		};
		443A219E20B08FDF006B6FC8 /* ViewControllers */ = {
			isa = PBXGroup;
			children = (
				443A218020B0887E006B6FC8 /* MainViewController.swift */,
				44A6DD3720B4A80000B2168C /* OutcodeInputViewController.swift */,
				44A6DD3820B4A80000B2168C /* OutcodeInputViewController.xib */,
			);
			path = ViewControllers;
			sourceTree = "<group>";
		};
		443A21A120B09016006B6FC8 /* Networking */ = {
			isa = PBXGroup;
			children = (
				443A21A220B09016006B6FC8 /* WebRequest.swift */,
				443A21A320B09016006B6FC8 /* WebResult.swift */,
				443A21A420B09016006B6FC8 /* WebError.swift */,
				443A21A520B09016006B6FC8 /* WebTask.swift */,
				443A21A620B09016006B6FC8 /* HTTPMethod.swift */,
				443A21A720B09016006B6FC8 /* WebResource.swift */,
				443A21A820B09016006B6FC8 /* WebRequestManager.swift */,
				443A21A920B09016006B6FC8 /* WebRequestBuilder.swift */,
			);
			path = Networking;
			sourceTree = "<group>";
		};
		44A6DD3B20B4B16500B2168C /* Data Models */ = {
			isa = PBXGroup;
			children = (
				44A6DD3C20B4B16500B2168C /* DefaultTestParameters.swift */,
			);
			path = "Data Models";
			sourceTree = "<group>";
		};
/* End PBXGroup section */

/* Begin PBXNativeTarget section */
		443A217A20B0887E006B6FC8 /* JustEatTest */ = {
			isa = PBXNativeTarget;
			buildConfigurationList = 443A219820B08880006B6FC8 /* Build configuration list for PBXNativeTarget "JustEatTest" */;
			buildPhases = (
				443A217720B0887E006B6FC8 /* Sources */,
				443A217820B0887E006B6FC8 /* Frameworks */,
				443A217920B0887E006B6FC8 /* Resources */,
			);
			buildRules = (
			);
			dependencies = (
			);
			name = JustEatTest;
			productName = JustEatTest;
			productReference = 443A217B20B0887E006B6FC8 /* JustEatTest.app */;
			productType = "com.apple.product-type.application";
		};
		443A218E20B08880006B6FC8 /* JustEatTestTests */ = {
			isa = PBXNativeTarget;
			buildConfigurationList = 443A219B20B08880006B6FC8 /* Build configuration list for PBXNativeTarget "JustEatTestTests" */;
			buildPhases = (
				443A218B20B08880006B6FC8 /* Sources */,
				443A218C20B08880006B6FC8 /* Frameworks */,
				443A218D20B08880006B6FC8 /* Resources */,
			);
			buildRules = (
			);
			dependencies = (
				443A219120B08880006B6FC8 /* PBXTargetDependency */,
			);
			name = JustEatTestTests;
			productName = JustEatTestTests;
			productReference = 443A218F20B08880006B6FC8 /* JustEatTestTests.xctest */;
			productType = "com.apple.product-type.bundle.unit-test";
		};
/* End PBXNativeTarget section */

/* Begin PBXProject section */
		443A217320B0887E006B6FC8 /* Project object */ = {
			isa = PBXProject;
			attributes = {
				LastSwiftUpdateCheck = 0930;
				LastUpgradeCheck = 0930;
				ORGANIZATIONNAME = Home;
				TargetAttributes = {
					443A217A20B0887E006B6FC8 = {
						CreatedOnToolsVersion = 9.3.1;
					};
					443A218E20B08880006B6FC8 = {
						CreatedOnToolsVersion = 9.3.1;
						TestTargetID = 443A217A20B0887E006B6FC8;
					};
				};
			};
			buildConfigurationList = 443A217620B0887E006B6FC8 /* Build configuration list for PBXProject "JustEatTest" */;
			compatibilityVersion = "Xcode 9.3";
			developmentRegion = en;
			hasScannedForEncodings = 0;
			knownRegions = (
				en,
				Base,
			);
			mainGroup = 443A217220B0887E006B6FC8;
			productRefGroup = 443A217C20B0887E006B6FC8 /* Products */;
			projectDirPath = "";
			projectRoot = "";
			targets = (
				443A217A20B0887E006B6FC8 /* JustEatTest */,
				443A218E20B08880006B6FC8 /* JustEatTestTests */,
			);
		};
/* End PBXProject section */

/* Begin PBXResourcesBuildPhase section */
		443A217920B0887E006B6FC8 /* Resources */ = {
			isa = PBXResourcesBuildPhase;
			buildActionMask = 2147483647;
			files = (
				443A218920B08880006B6FC8 /* LaunchScreen.storyboard in Resources */,
				44A6DD3A20B4A80000B2168C /* OutcodeInputViewController.xib in Resources */,
				443A218620B08880006B6FC8 /* Assets.xcassets in Resources */,
				443A218420B0887E006B6FC8 /* Main.storyboard in Resources */,
			);
			runOnlyForDeploymentPostprocessing = 0;
		};
		443A218D20B08880006B6FC8 /* Resources */ = {
			isa = PBXResourcesBuildPhase;
			buildActionMask = 2147483647;
			files = (
			);
			runOnlyForDeploymentPostprocessing = 0;
		};
/* End PBXResourcesBuildPhase section */

/* Begin PBXSourcesBuildPhase section */
		443A217720B0887E006B6FC8 /* Sources */ = {
			isa = PBXSourcesBuildPhase;
			buildActionMask = 2147483647;
			files = (
				443A21B120B09016006B6FC8 /* WebRequestBuilder.swift in Sources */,
				443A21AB20B09016006B6FC8 /* WebResult.swift in Sources */,
				443A21B020B09016006B6FC8 /* WebRequestManager.swift in Sources */,
				443A218120B0887E006B6FC8 /* MainViewController.swift in Sources */,
				443A21AC20B09016006B6FC8 /* WebError.swift in Sources */,
				443A21AE20B09016006B6FC8 /* HTTPMethod.swift in Sources */,
				443A21AD20B09016006B6FC8 /* WebTask.swift in Sources */,
				44A6DD3920B4A80000B2168C /* OutcodeInputViewController.swift in Sources */,
				443A21AF20B09016006B6FC8 /* WebResource.swift in Sources */,
				443A21AA20B09016006B6FC8 /* WebRequest.swift in Sources */,
				443A217F20B0887E006B6FC8 /* AppDelegate.swift in Sources */,
				44A6DD3D20B4B16500B2168C /* DefaultTestParameters.swift in Sources */,
			);
			runOnlyForDeploymentPostprocessing = 0;
		};
		443A218B20B08880006B6FC8 /* Sources */ = {
			isa = PBXSourcesBuildPhase;
			buildActionMask = 2147483647;
			files = (
				443A219420B08880006B6FC8 /* JustEatTestTests.swift in Sources */,
			);
			runOnlyForDeploymentPostprocessing = 0;
		};
/* End PBXSourcesBuildPhase section */

/* Begin PBXTargetDependency section */
		443A219120B08880006B6FC8 /* PBXTargetDependency */ = {
			isa = PBXTargetDependency;
			target = 443A217A20B0887E006B6FC8 /* JustEatTest */;
			targetProxy = 443A219020B08880006B6FC8 /* PBXContainerItemProxy */;
		};
/* End PBXTargetDependency section */

/* Begin PBXVariantGroup section */
		443A218220B0887E006B6FC8 /* Main.storyboard */ = {
			isa = PBXVariantGroup;
			children = (
				443A218320B0887E006B6FC8 /* Base */,
			);
			name = Main.storyboard;
			sourceTree = "<group>";
		};
		443A218720B08880006B6FC8 /* LaunchScreen.storyboard */ = {
			isa = PBXVariantGroup;
			children = (
				443A218820B08880006B6FC8 /* Base */,
			);
			name = LaunchScreen.storyboard;
			sourceTree = "<group>";
		};
/* End PBXVariantGroup section */

/* Begin XCBuildConfiguration section */
		443A219620B08880006B6FC8 /* Debug */ = {
			isa = XCBuildConfiguration;
			buildSettings = {
				ALWAYS_SEARCH_USER_PATHS = NO;
				CLANG_ANALYZER_NONNULL = YES;
				CLANG_ANALYZER_NUMBER_OBJECT_CONVERSION = YES_AGGRESSIVE;
				CLANG_CXX_LANGUAGE_STANDARD = "gnu++14";
				CLANG_CXX_LIBRARY = "libc++";
				CLANG_ENABLE_MODULES = YES;
				CLANG_ENABLE_OBJC_ARC = YES;
				CLANG_ENABLE_OBJC_WEAK = YES;
				CLANG_WARN_BLOCK_CAPTURE_AUTORELEASING = YES;
				CLANG_WARN_BOOL_CONVERSION = YES;
				CLANG_WARN_COMMA = YES;
				CLANG_WARN_CONSTANT_CONVERSION = YES;
				CLANG_WARN_DEPRECATED_OBJC_IMPLEMENTATIONS = YES;
				CLANG_WARN_DIRECT_OBJC_ISA_USAGE = YES_ERROR;
				CLANG_WARN_DOCUMENTATION_COMMENTS = YES;
				CLANG_WARN_EMPTY_BODY = YES;
				CLANG_WARN_ENUM_CONVERSION = YES;
				CLANG_WARN_INFINITE_RECURSION = YES;
				CLANG_WARN_INT_CONVERSION = YES;
				CLANG_WARN_NON_LITERAL_NULL_CONVERSION = YES;
				CLANG_WARN_OBJC_IMPLICIT_RETAIN_SELF = YES;
				CLANG_WARN_OBJC_LITERAL_CONVERSION = YES;
				CLANG_WARN_OBJC_ROOT_CLASS = YES_ERROR;
				CLANG_WARN_RANGE_LOOP_ANALYSIS = YES;
				CLANG_WARN_STRICT_PROTOTYPES = YES;
				CLANG_WARN_SUSPICIOUS_MOVE = YES;
				CLANG_WARN_UNGUARDED_AVAILABILITY = YES_AGGRESSIVE;
				CLANG_WARN_UNREACHABLE_CODE = YES;
				CLANG_WARN__DUPLICATE_METHOD_MATCH = YES;
				CODE_SIGN_IDENTITY = "iPhone Developer";
				COPY_PHASE_STRIP = NO;
				DEBUG_INFORMATION_FORMAT = dwarf;
				ENABLE_STRICT_OBJC_MSGSEND = YES;
				ENABLE_TESTABILITY = YES;
				GCC_C_LANGUAGE_STANDARD = gnu11;
				GCC_DYNAMIC_NO_PIC = NO;
				GCC_NO_COMMON_BLOCKS = YES;
				GCC_OPTIMIZATION_LEVEL = 0;
				GCC_PREPROCESSOR_DEFINITIONS = (
					"DEBUG=1",
					"$(inherited)",
				);
				GCC_WARN_64_TO_32_BIT_CONVERSION = YES;
				GCC_WARN_ABOUT_RETURN_TYPE = YES_ERROR;
				GCC_WARN_UNDECLARED_SELECTOR = YES;
				GCC_WARN_UNINITIALIZED_AUTOS = YES_AGGRESSIVE;
				GCC_WARN_UNUSED_FUNCTION = YES;
				GCC_WARN_UNUSED_VARIABLE = YES;
				IPHONEOS_DEPLOYMENT_TARGET = 9.0;
				MTL_ENABLE_DEBUG_INFO = YES;
				ONLY_ACTIVE_ARCH = YES;
				SDKROOT = iphoneos;
				SWIFT_ACTIVE_COMPILATION_CONDITIONS = DEBUG;
				SWIFT_OPTIMIZATION_LEVEL = "-Onone";
			};
			name = Debug;
		};
		443A219720B08880006B6FC8 /* Release */ = {
			isa = XCBuildConfiguration;
			buildSettings = {
				ALWAYS_SEARCH_USER_PATHS = NO;
				CLANG_ANALYZER_NONNULL = YES;
				CLANG_ANALYZER_NUMBER_OBJECT_CONVERSION = YES_AGGRESSIVE;
				CLANG_CXX_LANGUAGE_STANDARD = "gnu++14";
				CLANG_CXX_LIBRARY = "libc++";
				CLANG_ENABLE_MODULES = YES;
				CLANG_ENABLE_OBJC_ARC = YES;
				CLANG_ENABLE_OBJC_WEAK = YES;
				CLANG_WARN_BLOCK_CAPTURE_AUTORELEASING = YES;
				CLANG_WARN_BOOL_CONVERSION = YES;
				CLANG_WARN_COMMA = YES;
				CLANG_WARN_CONSTANT_CONVERSION = YES;
				CLANG_WARN_DEPRECATED_OBJC_IMPLEMENTATIONS = YES;
				CLANG_WARN_DIRECT_OBJC_ISA_USAGE = YES_ERROR;
				CLANG_WARN_DOCUMENTATION_COMMENTS = YES;
				CLANG_WARN_EMPTY_BODY = YES;
				CLANG_WARN_ENUM_CONVERSION = YES;
				CLANG_WARN_INFINITE_RECURSION = YES;
				CLANG_WARN_INT_CONVERSION = YES;
				CLANG_WARN_NON_LITERAL_NULL_CONVERSION = YES;
				CLANG_WARN_OBJC_IMPLICIT_RETAIN_SELF = YES;
				CLANG_WARN_OBJC_LITERAL_CONVERSION = YES;
				CLANG_WARN_OBJC_ROOT_CLASS = YES_ERROR;
				CLANG_WARN_RANGE_LOOP_ANALYSIS = YES;
				CLANG_WARN_STRICT_PROTOTYPES = YES;
				CLANG_WARN_SUSPICIOUS_MOVE = YES;
				CLANG_WARN_UNGUARDED_AVAILABILITY = YES_AGGRESSIVE;
				CLANG_WARN_UNREACHABLE_CODE = YES;
				CLANG_WARN__DUPLICATE_METHOD_MATCH = YES;
				CODE_SIGN_IDENTITY = "iPhone Developer";
				COPY_PHASE_STRIP = NO;
				DEBUG_INFORMATION_FORMAT = "dwarf-with-dsym";
				ENABLE_NS_ASSERTIONS = NO;
				ENABLE_STRICT_OBJC_MSGSEND = YES;
				GCC_C_LANGUAGE_STANDARD = gnu11;
				GCC_NO_COMMON_BLOCKS = YES;
				GCC_WARN_64_TO_32_BIT_CONVERSION = YES;
				GCC_WARN_ABOUT_RETURN_TYPE = YES_ERROR;
				GCC_WARN_UNDECLARED_SELECTOR = YES;
				GCC_WARN_UNINITIALIZED_AUTOS = YES_AGGRESSIVE;
				GCC_WARN_UNUSED_FUNCTION = YES;
				GCC_WARN_UNUSED_VARIABLE = YES;
				IPHONEOS_DEPLOYMENT_TARGET = 9.0;
				MTL_ENABLE_DEBUG_INFO = NO;
				SDKROOT = iphoneos;
				SWIFT_COMPILATION_MODE = wholemodule;
				SWIFT_OPTIMIZATION_LEVEL = "-O";
				VALIDATE_PRODUCT = YES;
			};
			name = Release;
		};
		443A219920B08880006B6FC8 /* Debug */ = {
			isa = XCBuildConfiguration;
			buildSettings = {
				ASSETCATALOG_COMPILER_APPICON_NAME = AppIcon;
				CODE_SIGN_STYLE = Automatic;
				DEVELOPMENT_TEAM = X8324R6WH2;
				INFOPLIST_FILE = JustEatTest/Info.plist;
				IPHONEOS_DEPLOYMENT_TARGET = 9.0;
				LD_RUNPATH_SEARCH_PATHS = (
					"$(inherited)",
					"@executable_path/Frameworks",
				);
				PRODUCT_BUNDLE_IDENTIFIER = "com.just-eat.JustEatTest";
				PRODUCT_NAME = "$(TARGET_NAME)";
				SWIFT_VERSION = 4.0;
				TARGETED_DEVICE_FAMILY = "1,2";
			};
			name = Debug;
		};
		443A219A20B08880006B6FC8 /* Release */ = {
			isa = XCBuildConfiguration;
			buildSettings = {
				ASSETCATALOG_COMPILER_APPICON_NAME = AppIcon;
				CODE_SIGN_STYLE = Automatic;
				DEVELOPMENT_TEAM = X8324R6WH2;
				INFOPLIST_FILE = JustEatTest/Info.plist;
				IPHONEOS_DEPLOYMENT_TARGET = 9.0;
				LD_RUNPATH_SEARCH_PATHS = (
					"$(inherited)",
					"@executable_path/Frameworks",
				);
				PRODUCT_BUNDLE_IDENTIFIER = "com.just-eat.JustEatTest";
				PRODUCT_NAME = "$(TARGET_NAME)";
				SWIFT_VERSION = 4.0;
				TARGETED_DEVICE_FAMILY = "1,2";
			};
			name = Release;
		};
		443A219C20B08880006B6FC8 /* Debug */ = {
			isa = XCBuildConfiguration;
			buildSettings = {
				ALWAYS_EMBED_SWIFT_STANDARD_LIBRARIES = YES;
				BUNDLE_LOADER = "$(TEST_HOST)";
				CODE_SIGN_STYLE = Automatic;
				DEVELOPMENT_TEAM = X8324R6WH2;
				INFOPLIST_FILE = JustEatTestTests/Info.plist;
				LD_RUNPATH_SEARCH_PATHS = (
					"$(inherited)",
					"@executable_path/Frameworks",
					"@loader_path/Frameworks",
				);
				PRODUCT_BUNDLE_IDENTIFIER = "com.just-eat.JustEatTestTests";
				PRODUCT_NAME = "$(TARGET_NAME)";
				SWIFT_VERSION = 4.0;
				TARGETED_DEVICE_FAMILY = "1,2";
				TEST_HOST = "$(BUILT_PRODUCTS_DIR)/JustEatTest.app/JustEatTest";
			};
			name = Debug;
		};
		443A219D20B08880006B6FC8 /* Release */ = {
			isa = XCBuildConfiguration;
			buildSettings = {
				ALWAYS_EMBED_SWIFT_STANDARD_LIBRARIES = YES;
				BUNDLE_LOADER = "$(TEST_HOST)";
				CODE_SIGN_STYLE = Automatic;
				DEVELOPMENT_TEAM = X8324R6WH2;
				INFOPLIST_FILE = JustEatTestTests/Info.plist;
				LD_RUNPATH_SEARCH_PATHS = (
					"$(inherited)",
					"@executable_path/Frameworks",
					"@loader_path/Frameworks",
				);
				PRODUCT_BUNDLE_IDENTIFIER = "com.just-eat.JustEatTestTests";
				PRODUCT_NAME = "$(TARGET_NAME)";
				SWIFT_VERSION = 4.0;
				TARGETED_DEVICE_FAMILY = "1,2";
				TEST_HOST = "$(BUILT_PRODUCTS_DIR)/JustEatTest.app/JustEatTest";
			};
			name = Release;
		};
/* End XCBuildConfiguration section */

/* Begin XCConfigurationList section */
		443A217620B0887E006B6FC8 /* Build configuration list for PBXProject "JustEatTest" */ = {
			isa = XCConfigurationList;
			buildConfigurations = (
				443A219620B08880006B6FC8 /* Debug */,
				443A219720B08880006B6FC8 /* Release */,
			);
			defaultConfigurationIsVisible = 0;
			defaultConfigurationName = Release;
		};
		443A219820B08880006B6FC8 /* Build configuration list for PBXNativeTarget "JustEatTest" */ = {
			isa = XCConfigurationList;
			buildConfigurations = (
				443A219920B08880006B6FC8 /* Debug */,
				443A219A20B08880006B6FC8 /* Release */,
			);
			defaultConfigurationIsVisible = 0;
			defaultConfigurationName = Release;
		};
		443A219B20B08880006B6FC8 /* Build configuration list for PBXNativeTarget "JustEatTestTests" */ = {
			isa = XCConfigurationList;
			buildConfigurations = (
				443A219C20B08880006B6FC8 /* Debug */,
				443A219D20B08880006B6FC8 /* Release */,
			);
			defaultConfigurationIsVisible = 0;
			defaultConfigurationName = Release;
		};
/* End XCConfigurationList section */
	};
	rootObject = 443A217320B0887E006B6FC8 /* Project object */;
}
